
Microsoft Visual Studio Solution File, Format Version 12.00
# Visual Studio Version 16
VisualStudioVersion = 16.0.30114.105
MinimumVisualStudioVersion = 10.0.40219.1
Project("{FAE04EC0-301F-11D3-BF4B-00C04F79EFBC}") = "API", "API\API.csproj", "{274768BD-28D2-4345-B4E8-1242FCB73890}"
EndProject
Project("{FAE04EC0-301F-11D3-BF4B-00C04F79EFBC}") = "Application", "Application\Application.csproj", "{94D2BFE8-1E56-481E-82E6-1C81302C2D32}"
EndProject
Project("{FAE04EC0-301F-11D3-BF4B-00C04F79EFBC}") = "Domain", "Domain\Domain.csproj", "{76102E55-DC26-4736-8537-42A4E5CF86B6}"
EndProject
Project("{FAE04EC0-301F-11D3-BF4B-00C04F79EFBC}") = "Persistance", "Persistance\Persistance.csproj", "{D4033620-1DA2-452F-890E-1020BBB7ED7E}"
EndProject
Project("{FAE04EC0-301F-11D3-BF4B-00C04F79EFBC}") = "Infrastructure", "Infrastructure\Infrastructure.csproj", "{80546C68-4D19-4A22-98E3-E690BC8E38A0}"
EndProject
Global
	GlobalSection(SolutionConfigurationPlatforms) = preSolution
		Debug|Any CPU = Debug|Any CPU
		Debug|x64 = Debug|x64
		Debug|x86 = Debug|x86
		Release|Any CPU = Release|Any CPU
		Release|x64 = Release|x64
		Release|x86 = Release|x86
	EndGlobalSection
	GlobalSection(SolutionProperties) = preSolution
		HideSolutionNode = FALSE
	EndGlobalSection
	GlobalSection(ProjectConfigurationPlatforms) = postSolution
		{274768BD-28D2-4345-B4E8-1242FCB73890}.Debug|Any CPU.ActiveCfg = Debug|Any CPU
		{274768BD-28D2-4345-B4E8-1242FCB73890}.Debug|Any CPU.Build.0 = Debug|Any CPU
		{274768BD-28D2-4345-B4E8-1242FCB73890}.Debug|x64.ActiveCfg = Debug|Any CPU
		{274768BD-28D2-4345-B4E8-1242FCB73890}.Debug|x64.Build.0 = Debug|Any CPU
		{274768BD-28D2-4345-B4E8-1242FCB73890}.Debug|x86.ActiveCfg = Debug|Any CPU
		{274768BD-28D2-4345-B4E8-1242FCB73890}.Debug|x86.Build.0 = Debug|Any CPU
		{274768BD-28D2-4345-B4E8-1242FCB73890}.Release|Any CPU.ActiveCfg = Release|Any CPU
		{274768BD-28D2-4345-B4E8-1242FCB73890}.Release|Any CPU.Build.0 = Release|Any CPU
		{274768BD-28D2-4345-B4E8-1242FCB73890}.Release|x64.ActiveCfg = Release|Any CPU
		{274768BD-28D2-4345-B4E8-1242FCB73890}.Release|x64.Build.0 = Release|Any CPU
		{274768BD-28D2-4345-B4E8-1242FCB73890}.Release|x86.ActiveCfg = Release|Any CPU
		{274768BD-28D2-4345-B4E8-1242FCB73890}.Release|x86.Build.0 = Release|Any CPU
		{94D2BFE8-1E56-481E-82E6-1C81302C2D32}.Debug|Any CPU.ActiveCfg = Debug|Any CPU
		{94D2BFE8-1E56-481E-82E6-1C81302C2D32}.Debug|Any CPU.Build.0 = Debug|Any CPU
		{94D2BFE8-1E56-481E-82E6-1C81302C2D32}.Debug|x64.ActiveCfg = Debug|Any CPU
		{94D2BFE8-1E56-481E-82E6-1C81302C2D32}.Debug|x64.Build.0 = Debug|Any CPU
		{94D2BFE8-1E56-481E-82E6-1C81302C2D32}.Debug|x86.ActiveCfg = Debug|Any CPU
		{94D2BFE8-1E56-481E-82E6-1C81302C2D32}.Debug|x86.Build.0 = Debug|Any CPU
		{94D2BFE8-1E56-481E-82E6-1C81302C2D32}.Release|Any CPU.ActiveCfg = Release|Any CPU
		{94D2BFE8-1E56-481E-82E6-1C81302C2D32}.Release|Any CPU.Build.0 = Release|Any CPU
		{94D2BFE8-1E56-481E-82E6-1C81302C2D32}.Release|x64.ActiveCfg = Release|Any CPU
		{94D2BFE8-1E56-481E-82E6-1C81302C2D32}.Release|x64.Build.0 = Release|Any CPU
		{94D2BFE8-1E56-481E-82E6-1C81302C2D32}.Release|x86.ActiveCfg = Release|Any CPU
		{94D2BFE8-1E56-481E-82E6-1C81302C2D32}.Release|x86.Build.0 = Release|Any CPU
		{76102E55-DC26-4736-8537-42A4E5CF86B6}.Debug|Any CPU.ActiveCfg = Debug|Any CPU
		{76102E55-DC26-4736-8537-42A4E5CF86B6}.Debug|Any CPU.Build.0 = Debug|Any CPU
		{76102E55-DC26-4736-8537-42A4E5CF86B6}.Debug|x64.ActiveCfg = Debug|Any CPU
		{76102E55-DC26-4736-8537-42A4E5CF86B6}.Debug|x64.Build.0 = Debug|Any CPU
		{76102E55-DC26-4736-8537-42A4E5CF86B6}.Debug|x86.ActiveCfg = Debug|Any CPU
		{76102E55-DC26-4736-8537-42A4E5CF86B6}.Debug|x86.Build.0 = Debug|Any CPU
		{76102E55-DC26-4736-8537-42A4E5CF86B6}.Release|Any CPU.ActiveCfg = Release|Any CPU
		{76102E55-DC26-4736-8537-42A4E5CF86B6}.Release|Any CPU.Build.0 = Release|Any CPU
		{76102E55-DC26-4736-8537-42A4E5CF86B6}.Release|x64.ActiveCfg = Release|Any CPU
		{76102E55-DC26-4736-8537-42A4E5CF86B6}.Release|x64.Build.0 = Release|Any CPU
		{76102E55-DC26-4736-8537-42A4E5CF86B6}.Release|x86.ActiveCfg = Release|Any CPU
		{76102E55-DC26-4736-8537-42A4E5CF86B6}.Release|x86.Build.0 = Release|Any CPU
		{D4033620-1DA2-452F-890E-1020BBB7ED7E}.Debug|Any CPU.ActiveCfg = Debug|Any CPU
		{D4033620-1DA2-452F-890E-1020BBB7ED7E}.Debug|Any CPU.Build.0 = Debug|Any CPU
		{D4033620-1DA2-452F-890E-1020BBB7ED7E}.Debug|x64.ActiveCfg = Debug|Any CPU
		{D4033620-1DA2-452F-890E-1020BBB7ED7E}.Debug|x64.Build.0 = Debug|Any CPU
		{D4033620-1DA2-452F-890E-1020BBB7ED7E}.Debug|x86.ActiveCfg = Debug|Any CPU
		{D4033620-1DA2-452F-890E-1020BBB7ED7E}.Debug|x86.Build.0 = Debug|Any CPU
		{D4033620-1DA2-452F-890E-1020BBB7ED7E}.Release|Any CPU.ActiveCfg = Release|Any CPU
		{D4033620-1DA2-452F-890E-1020BBB7ED7E}.Release|Any CPU.Build.0 = Release|Any CPU
		{D4033620-1DA2-452F-890E-1020BBB7ED7E}.Release|x64.ActiveCfg = Release|Any CPU
		{D4033620-1DA2-452F-890E-1020BBB7ED7E}.Release|x64.Build.0 = Release|Any CPU
		{D4033620-1DA2-452F-890E-1020BBB7ED7E}.Release|x86.ActiveCfg = Release|Any CPU
		{D4033620-1DA2-452F-890E-1020BBB7ED7E}.Release|x86.Build.0 = Release|Any CPU
		{80546C68-4D19-4A22-98E3-E690BC8E38A0}.Debug|Any CPU.ActiveCfg = Debug|Any CPU
		{80546C68-4D19-4A22-98E3-E690BC8E38A0}.Debug|Any CPU.Build.0 = Debug|Any CPU
		{80546C68-4D19-4A22-98E3-E690BC8E38A0}.Debug|x64.ActiveCfg = Debug|Any CPU
		{80546C68-4D19-4A22-98E3-E690BC8E38A0}.Debug|x64.Build.0 = Debug|Any CPU
		{80546C68-4D19-4A22-98E3-E690BC8E38A0}.Debug|x86.ActiveCfg = Debug|Any CPU
		{80546C68-4D19-4A22-98E3-E690BC8E38A0}.Debug|x86.Build.0 = Debug|Any CPU
		{80546C68-4D19-4A22-98E3-E690BC8E38A0}.Release|Any CPU.ActiveCfg = Release|Any CPU
		{80546C68-4D19-4A22-98E3-E690BC8E38A0}.Release|Any CPU.Build.0 = Release|Any CPU
		{80546C68-4D19-4A22-98E3-E690BC8E38A0}.Release|x64.ActiveCfg = Release|Any CPU
		{80546C68-4D19-4A22-98E3-E690BC8E38A0}.Release|x64.Build.0 = Release|Any CPU
		{80546C68-4D19-4A22-98E3-E690BC8E38A0}.Release|x86.ActiveCfg = Release|Any CPU
		{80546C68-4D19-4A22-98E3-E690BC8E38A0}.Release|x86.Build.0 = Release|Any CPU
	EndGlobalSection
EndGlobal
